
Microsoft Visual Studio Solution File, Format Version 12.00
# Visual Studio 2012
Project("{FAE04EC0-301F-11D3-BF4B-00C04F79EFBC}") = "TASKCO", "TASKCO\TASKCO.csproj", "{1CFEC601-C7D6-4FD3-931A-F0D77083B205}"
EndProject
Project("{2150E333-8FDC-42A3-9474-1A3956D46DE8}") = "Solution Items", "Solution Items", "{65153851-E4EA-4920-A78F-DF106A36FB15}"
EndProject
Global
	GlobalSection(SolutionConfigurationPlatforms) = preSolution
		Debug|Any CPU = Debug|Any CPU
		Release|Any CPU = Release|Any CPU
	EndGlobalSection
	GlobalSection(ProjectConfigurationPlatforms) = postSolution
		{1CFEC601-C7D6-4FD3-931A-F0D77083B205}.Debug|Any CPU.ActiveCfg = Debug|Any CPU
		{1CFEC601-C7D6-4FD3-931A-F0D77083B205}.Debug|Any CPU.Build.0 = Debug|Any CPU
		{1CFEC601-C7D6-4FD3-931A-F0D77083B205}.Release|Any CPU.ActiveCfg = Release|Any CPU
		{1CFEC601-C7D6-4FD3-931A-F0D77083B205}.Release|Any CPU.Build.0 = Release|Any CPU
	EndGlobalSection
	GlobalSection(SolutionProperties) = preSolution
		HideSolutionNode = FALSE
	EndGlobalSection
EndGlobal
